
Microsoft Visual Studio Solution File, Format Version 12.00
# Visual Studio Version 17
VisualStudioVersion = 17.1.32319.34
MinimumVisualStudioVersion = 10.0.40219.1
Project("{FAE04EC0-301F-11D3-BF4B-00C04F79EFBC}") = "WinFormsApp1", "WinFormsApp1\WinFormsApp1.csproj", "{367BC6F9-DE19-46E4-B081-424F921A46D8}"
EndProject
Global
	GlobalSection(SolutionConfigurationPlatforms) = preSolution
		Debug|Any CPU = Debug|Any CPU
		Release|Any CPU = Release|Any CPU
	EndGlobalSection
	GlobalSection(ProjectConfigurationPlatforms) = postSolution
		{367BC6F9-DE19-46E4-B081-424F921A46D8}.Debug|Any CPU.ActiveCfg = Debug|Any CPU
		{367BC6F9-DE19-46E4-B081-424F921A46D8}.Debug|Any CPU.Build.0 = Debug|Any CPU
		{367BC6F9-DE19-46E4-B081-424F921A46D8}.Release|Any CPU.ActiveCfg = Release|Any CPU
		{367BC6F9-DE19-46E4-B081-424F921A46D8}.Release|Any CPU.Build.0 = Release|Any CPU
	EndGlobalSection
	GlobalSection(SolutionProperties) = preSolution
		HideSolutionNode = FALSE
	EndGlobalSection
	GlobalSection(ExtensibilityGlobals) = postSolution
		SolutionGuid = {77BAC771-16EB-44AF-9594-0088FB19CEC5}
	EndGlobalSection
EndGlobal
